
Microsoft Visual Studio Solution File, Format Version 12.00
# Visual Studio Version 16
VisualStudioVersion = 16.0.31605.320
MinimumVisualStudioVersion = 10.0.40219.1
Project("{FAE04EC0-301F-11D3-BF4B-00C04F79EFBC}") = "DemoPractice", "DemoPractice\DemoPractice.csproj", "{19F60D5A-AC77-4018-B8D2-DF211D666159}"
EndProject
Global
	GlobalSection(SolutionConfigurationPlatforms) = preSolution
		Debug|Any CPU = Debug|Any CPU
		Release|Any CPU = Release|Any CPU
	EndGlobalSection
	GlobalSection(ProjectConfigurationPlatforms) = postSolution
		{19F60D5A-AC77-4018-B8D2-DF211D666159}.Debug|Any CPU.ActiveCfg = Debug|Any CPU
		{19F60D5A-AC77-4018-B8D2-DF211D666159}.Debug|Any CPU.Build.0 = Debug|Any CPU
		{19F60D5A-AC77-4018-B8D2-DF211D666159}.Release|Any CPU.ActiveCfg = Release|Any CPU
		{19F60D5A-AC77-4018-B8D2-DF211D666159}.Release|Any CPU.Build.0 = Release|Any CPU
	EndGlobalSection
	GlobalSection(SolutionProperties) = preSolution
		HideSolutionNode = FALSE
	EndGlobalSection
	GlobalSection(ExtensibilityGlobals) = postSolution
		SolutionGuid = {9D1BFDE0-4101-4470-B430-63DE9232B510}
	EndGlobalSection
EndGlobal
